<?xml version="1.0" encoding="utf-8"?>
<Project ToolsVersion="4.0" xmlns="http://schemas.microsoft.com/developer/msbuild/2003">
  <ItemGroup>
    <Filter Include="Source Files">
      <UniqueIdentifier>{4FC737F1-C7A5-4376-A066-2A32D752A2FF}</UniqueIdentifier>
      <Extensions>cpp;c;cc;cxx;def;odl;idl;hpj;bat;asm;asmx</Extensions>
    </Filter>
    <Filter Include="Header Files">
      <UniqueIdentifier>{93995380-89BD-4b04-88EB-625FBE52EBFB}</UniqueIdentifier>
      <Extensions>h;hh;hpp;tpp;hxx;hm;inl;inc;xsd;tpp</Extensions>
    </Filter>
    <Filter Include="Header Files\System">
      <UniqueIdentifier>{061a5c0b-a112-4f54-8dbf-c625c3c516a7}</UniqueIdentifier>
    </Filter>
    <Filter Include="Header Files\Type">
      <UniqueIdentifier>{ad513397-d519-4741-9172-5b8540d2a915}</UniqueIdentifier>
    </Filter>
    <Filter Include="Source Files\System">
      <UniqueIdentifier>{6d63b588-cd4a-40d5-80d0-04cabd4f5d8a}</UniqueIdentifier>
    </Filter>
  </ItemGroup>
  <ItemGroup>
    <ClCompile Include="..\..\Code\Timing.cpp">
      <Filter>Source Files</Filter>
    </ClCompile>
    <ClCompile Include="..\..\Code\System\SystemTime.cpp">
      <Filter>Source Files\System</Filter>
    </ClCompile>
  </ItemGroup>
  <ItemGroup>
    <ClInclude Include="..\..\Code\Type\ScalarTypes.hpp">
      <Filter>Header Files\Type</Filter>
    </ClInclude>
    <ClInclude Include="..\..\Code\System\SystemTime.hpp">
      <Filter>Header Files\System</Filter>
    </ClInclude>
    <ClInclude Include="..\..\Code\System\Timer.hpp">
      <Filter>Header Files\System</Filter>
    </ClInclude>
    <ClInclude Include="..\..\Code\System\Windows.hpp">
      <Filter>Header Files\System</Filter>
    </ClInclude>
  </ItemGroup>
  <ItemGroup>
    <None Include="..\..\Code\System\Timer.tpp">
      <Filter>Header Files\System</Filter>
    </None>
  </ItemGroup>
</Project>