<?xml version="1.0" encoding="utf-8"?>
<Project ToolsVersion="4.0" xmlns="http://schemas.microsoft.com/developer/msbuild/2003">
  <ItemGroup>
    <Filter Include="Source Files">
      <UniqueIdentifier>{4FC737F1-C7A5-4376-A066-2A32D752A2FF}</UniqueIdentifier>
      <Extensions>cpp;c;cc;cxx;def;odl;idl;hpj;bat;asm;asmx</Extensions>
    </Filter>
    <Filter Include="Header Files">
      <UniqueIdentifier>{93995380-89BD-4b04-88EB-625FBE52EBFB}</UniqueIdentifier>
      <Extensions>h;hh;hpp;hxx;hm;inl;inc;xsd</Extensions>
    </Filter>
    <Filter Include="Resource Files">
      <UniqueIdentifier>{67DA6AB6-F800-4c08-8B7A-83BB121AAD01}</UniqueIdentifier>
      <Extensions>rc;ico;cur;bmp;dlg;rc2;rct;bin;rgs;gif;jpg;jpeg;jpe;resx;tiff;tif;png;wav;mfcribbon-ms</Extensions>
    </Filter>
    <Filter Include="Resource Files\system">
      <UniqueIdentifier>{99ab7a69-dd5b-4b31-ac1b-1d2aff879c7d}</UniqueIdentifier>
    </Filter>
    <Filter Include="Source Files\system">
      <UniqueIdentifier>{d5c3aa7d-1501-4e93-be14-8dbbe8df4334}</UniqueIdentifier>
    </Filter>
    <Filter Include="Source Files\timer">
      <UniqueIdentifier>{76f28f9c-72eb-48e4-a1f5-45297899399b}</UniqueIdentifier>
    </Filter>
    <Filter Include="Resource Files\timer">
      <UniqueIdentifier>{91f31d56-94e9-44ac-8f2f-3554ac4f2fd8}</UniqueIdentifier>
    </Filter>
  </ItemGroup>
  <ItemGroup>
    <ClInclude Include="Timing\src\targetver.h">
      <Filter>Header Files</Filter>
    </ClInclude>
    <ClInclude Include="Timing\src\system\system_time.hpp">
      <Filter>Resource Files\system</Filter>
    </ClInclude>
    <ClInclude Include="Timing\src\timer\cpu_timer.hpp">
      <Filter>Resource Files\timer</Filter>
    </ClInclude>
    <ClInclude Include="Timing\src\timer\timer.hpp">
      <Filter>Resource Files\timer</Filter>
    </ClInclude>
    <ClInclude Include="Timing\src\system\parallel.hpp">
      <Filter>Resource Files\system</Filter>
    </ClInclude>
    <ClInclude Include="Timing\src\system\windows.hpp">
      <Filter>Resource Files\system</Filter>
    </ClInclude>
  </ItemGroup>
  <ItemGroup>
    <ClCompile Include="Timing\src\Timing.cpp">
      <Filter>Source Files</Filter>
    </ClCompile>
    <ClCompile Include="Timing\src\system\system_time.cpp">
      <Filter>Source Files\system</Filter>
    </ClCompile>
    <ClCompile Include="Timing\src\timer\cpu_timer.cpp">
      <Filter>Source Files\timer</Filter>
    </ClCompile>
    <ClCompile Include="Timing\src\timer\timer.cpp">
      <Filter>Source Files\timer</Filter>
    </ClCompile>
    <ClCompile Include="Timing\src\system\parallel.cpp">
      <Filter>Source Files\system</Filter>
    </ClCompile>
  </ItemGroup>
</Project>